{
  "name": "iconi.web",
  "version": "1.8.9",
  "lockfileVersion": 3,
  "requires": true,
  "packages": {
    "": {
      "name": "iconi.web",
      "version": "1.8.9",
      "license": "ISC",
      "dependencies": {
        "@peach/helper": "file:../Peach/Helper",
        "@peach/ui": "file:../Peach/UI",
        "@peach/ui.components": "file:../Peach/UI.Components"
      }
    },
    "../../Peach/Helper": {
      "name": "@peach/helper",
      "version": "1.2.4",
      "extraneous": true,
      "license": "ISC"
    },
    "../../Peach/UI": {
      "name": "@peach/ui",
      "version": "1.1.0",
      "extraneous": true,
      "license": "ISC"
    },
    "../../Peach/UI.Components": {
      "name": "@peach/ui.components",
      "version": "1.1.0",
      "extraneous": true,
      "license": "ISC"
    },
    "../Peach/Helper": {
      "name": "@peach/helper",
      "version": "1.2.4",
      "license": "ISC"
    },
    "../Peach/UI": {
      "name": "@peach/ui",
      "version": "1.1.0",
      "license": "ISC"
    },
    "../Peach/UI.Components": {
      "name": "@peach/ui.components",
      "version": "1.1.0",
      "license": "ISC"
    },
    "node_modules/@peach/helper": {
      "resolved": "../Peach/Helper",
      "link": true
    },
    "node_modules/@peach/ui": {
      "resolved": "../Peach/UI",
      "link": true
    },
    "node_modules/@peach/ui.components": {
      "resolved": "../Peach/UI.Components",
      "link": true
    }
  }
}
